// !$*UTF8*$!
{
	archiveVersion = 1;
	classes = {
	};
	objectVersion = 46;
	objects = {

/* Begin PBXBuildFile section */
		BE7CA3601F19D41A008AC9C2 /* FwiColorShader.swift in Sources */ = {isa = PBXBuildFile; fileRef = BE7CA3591F19D41A008AC9C2 /* FwiColorShader.swift */; };
		BE7CA3611F19D41A008AC9C2 /* FwiGLModel.swift in Sources */ = {isa = PBXBuildFile; fileRef = BE7CA35A1F19D41A008AC9C2 /* FwiGLModel.swift */; };
		BE7CA3621F19D41A008AC9C2 /* FwiShader.swift in Sources */ = {isa = PBXBuildFile; fileRef = BE7CA35B1F19D41A008AC9C2 /* FwiShader.swift */; };
		BE7CA3631F19D41A008AC9C2 /* FwiTexture.swift in Sources */ = {isa = PBXBuildFile; fileRef = BE7CA35C1F19D41A008AC9C2 /* FwiTexture.swift */; };
		BE7CA3641F19D41A008AC9C2 /* FwiTextureShader.swift in Sources */ = {isa = PBXBuildFile; fileRef = BE7CA35D1F19D41A008AC9C2 /* FwiTextureShader.swift */; };
		BE7CA3651F19D41A008AC9C2 /* FwiVertex.swift in Sources */ = {isa = PBXBuildFile; fileRef = BE7CA35E1F19D41A008AC9C2 /* FwiVertex.swift */; };
		BE7CA3661F19D41A008AC9C2 /* FwiGLKMatrix+Extension.swift in Sources */ = {isa = PBXBuildFile; fileRef = BE7CA35F1F19D41A008AC9C2 /* FwiGLKMatrix+Extension.swift */; };
		OBJ_28 /* FwiOpenGLES2Tests.swift in Sources */ = {isa = PBXBuildFile; fileRef = OBJ_11 /* FwiOpenGLES2Tests.swift */; };
		OBJ_30 /* FwiOpenGLES.framework in Frameworks */ = {isa = PBXBuildFile; fileRef = OBJ_14 /* FwiOpenGLES.framework */; };
/* End PBXBuildFile section */

/* Begin PBXContainerItemProxy section */
		BE7CA3381F193D11008AC9C2 /* PBXContainerItemProxy */ = {
			isa = PBXContainerItemProxy;
			containerPortal = OBJ_1 /* Project object */;
			proxyType = 1;
			remoteGlobalIDString = OBJ_16;
			remoteInfo = FwiOpenGLES2;
		};
/* End PBXContainerItemProxy section */

/* Begin PBXFileReference section */
		BE7CA3521F19D35A008AC9C2 /* lib-debug.xcconfig */ = {isa = PBXFileReference; lastKnownFileType = text.xcconfig; name = "lib-debug.xcconfig"; path = "FwiOpenGLES.xcodeproj/lib-debug.xcconfig"; sourceTree = "<group>"; };
		BE7CA3531F19D35A008AC9C2 /* lib-release.xcconfig */ = {isa = PBXFileReference; lastKnownFileType = text.xcconfig; name = "lib-release.xcconfig"; path = "FwiOpenGLES.xcodeproj/lib-release.xcconfig"; sourceTree = "<group>"; };
		BE7CA3541F19D35A008AC9C2 /* project-debug.xcconfig */ = {isa = PBXFileReference; lastKnownFileType = text.xcconfig; name = "project-debug.xcconfig"; path = "FwiOpenGLES.xcodeproj/project-debug.xcconfig"; sourceTree = "<group>"; };
		BE7CA3551F19D35A008AC9C2 /* project-release.xcconfig */ = {isa = PBXFileReference; lastKnownFileType = text.xcconfig; name = "project-release.xcconfig"; path = "FwiOpenGLES.xcodeproj/project-release.xcconfig"; sourceTree = "<group>"; };
		BE7CA3561F19D35A008AC9C2 /* test-debug.xcconfig */ = {isa = PBXFileReference; lastKnownFileType = text.xcconfig; name = "test-debug.xcconfig"; path = "FwiOpenGLES.xcodeproj/test-debug.xcconfig"; sourceTree = "<group>"; };
		BE7CA3571F19D35A008AC9C2 /* test-release.xcconfig */ = {isa = PBXFileReference; lastKnownFileType = text.xcconfig; name = "test-release.xcconfig"; path = "FwiOpenGLES.xcodeproj/test-release.xcconfig"; sourceTree = "<group>"; };
		BE7CA3591F19D41A008AC9C2 /* FwiColorShader.swift */ = {isa = PBXFileReference; fileEncoding = 4; lastKnownFileType = sourcecode.swift; path = FwiColorShader.swift; sourceTree = "<group>"; };
		BE7CA35A1F19D41A008AC9C2 /* FwiGLModel.swift */ = {isa = PBXFileReference; fileEncoding = 4; lastKnownFileType = sourcecode.swift; path = FwiGLModel.swift; sourceTree = "<group>"; };
		BE7CA35B1F19D41A008AC9C2 /* FwiShader.swift */ = {isa = PBXFileReference; fileEncoding = 4; lastKnownFileType = sourcecode.swift; path = FwiShader.swift; sourceTree = "<group>"; };
		BE7CA35C1F19D41A008AC9C2 /* FwiTexture.swift */ = {isa = PBXFileReference; fileEncoding = 4; lastKnownFileType = sourcecode.swift; path = FwiTexture.swift; sourceTree = "<group>"; };
		BE7CA35D1F19D41A008AC9C2 /* FwiTextureShader.swift */ = {isa = PBXFileReference; fileEncoding = 4; lastKnownFileType = sourcecode.swift; path = FwiTextureShader.swift; sourceTree = "<group>"; };
		BE7CA35E1F19D41A008AC9C2 /* FwiVertex.swift */ = {isa = PBXFileReference; fileEncoding = 4; lastKnownFileType = sourcecode.swift; path = FwiVertex.swift; sourceTree = "<group>"; };
		BE7CA35F1F19D41A008AC9C2 /* FwiGLKMatrix+Extension.swift */ = {isa = PBXFileReference; fileEncoding = 4; lastKnownFileType = sourcecode.swift; path = "FwiGLKMatrix+Extension.swift"; sourceTree = "<group>"; };
		BE7CA3681F19D47F008AC9C2 /* ColorFragmentShader.glsl */ = {isa = PBXFileReference; fileEncoding = 4; lastKnownFileType = text; path = ColorFragmentShader.glsl; sourceTree = "<group>"; };
		BE7CA3691F19D47F008AC9C2 /* ColorVertexShader.glsl */ = {isa = PBXFileReference; fileEncoding = 4; lastKnownFileType = text; path = ColorVertexShader.glsl; sourceTree = "<group>"; };
		BE7CA36A1F19D47F008AC9C2 /* TextureFragmentShader.glsl */ = {isa = PBXFileReference; fileEncoding = 4; lastKnownFileType = text; path = TextureFragmentShader.glsl; sourceTree = "<group>"; };
		BE7CA36B1F19D47F008AC9C2 /* TextureVertexShader.glsl */ = {isa = PBXFileReference; fileEncoding = 4; lastKnownFileType = text; path = TextureVertexShader.glsl; sourceTree = "<group>"; };
		OBJ_11 /* FwiOpenGLES2Tests.swift */ = {isa = PBXFileReference; lastKnownFileType = sourcecode.swift; path = FwiOpenGLES2Tests.swift; sourceTree = "<group>"; };
		OBJ_14 /* FwiOpenGLES.framework */ = {isa = PBXFileReference; explicitFileType = wrapper.framework; path = FwiOpenGLES.framework; sourceTree = BUILT_PRODUCTS_DIR; };
		OBJ_15 /* FwiOpenGLESTests.xctest */ = {isa = PBXFileReference; explicitFileType = wrapper.cfbundle; path = FwiOpenGLESTests.xctest; sourceTree = BUILT_PRODUCTS_DIR; };
		OBJ_6 /* Package.swift */ = {isa = PBXFileReference; explicitFileType = sourcecode.swift; path = Package.swift; sourceTree = "<group>"; };
/* End PBXFileReference section */

/* Begin PBXFrameworksBuildPhase section */
		OBJ_22 /* Frameworks */ = {
			isa = PBXFrameworksBuildPhase;
			buildActionMask = 0;
			files = (
			);
			runOnlyForDeploymentPostprocessing = 0;
		};
		OBJ_29 /* Frameworks */ = {
			isa = PBXFrameworksBuildPhase;
			buildActionMask = 0;
			files = (
				OBJ_30 /* FwiOpenGLES.framework in Frameworks */,
			);
			runOnlyForDeploymentPostprocessing = 0;
		};
/* End PBXFrameworksBuildPhase section */

/* Begin PBXGroup section */
		BE7CA3391F19CDF1008AC9C2 /* Configs */ = {
			isa = PBXGroup;
			children = (
				BE7CA3521F19D35A008AC9C2 /* lib-debug.xcconfig */,
				BE7CA3531F19D35A008AC9C2 /* lib-release.xcconfig */,
				BE7CA3541F19D35A008AC9C2 /* project-debug.xcconfig */,
				BE7CA3551F19D35A008AC9C2 /* project-release.xcconfig */,
				BE7CA3561F19D35A008AC9C2 /* test-debug.xcconfig */,
				BE7CA3571F19D35A008AC9C2 /* test-release.xcconfig */,
			);
			name = Configs;
			sourceTree = "<group>";
		};
		BE7CA34C1F19CFB5008AC9C2 /* shader */ = {
			isa = PBXGroup;
			children = (
				BE7CA35B1F19D41A008AC9C2 /* FwiShader.swift */,
				BE7CA35C1F19D41A008AC9C2 /* FwiTexture.swift */,
				BE7CA3591F19D41A008AC9C2 /* FwiColorShader.swift */,
				BE7CA35D1F19D41A008AC9C2 /* FwiTextureShader.swift */,
			);
			name = shader;
			sourceTree = "<group>";
		};
		BE7CA34D1F19CFD0008AC9C2 /* model */ = {
			isa = PBXGroup;
			children = (
				BE7CA35E1F19D41A008AC9C2 /* FwiVertex.swift */,
				BE7CA35A1F19D41A008AC9C2 /* FwiGLModel.swift */,
			);
			name = model;
			sourceTree = "<group>";
		};
		BE7CA34E1F19D0FC008AC9C2 /* extension */ = {
			isa = PBXGroup;
			children = (
				BE7CA35F1F19D41A008AC9C2 /* FwiGLKMatrix+Extension.swift */,
			);
			name = extension;
			sourceTree = "<group>";
		};
		BE7CA3581F19D40B008AC9C2 /* FwiOpenGLES */ = {
			isa = PBXGroup;
			children = (
				BE7CA34E1F19D0FC008AC9C2 /* extension */,
				BE7CA34D1F19CFD0008AC9C2 /* model */,
				BE7CA34C1F19CFB5008AC9C2 /* shader */,
			);
			name = FwiOpenGLES;
			sourceTree = "<group>";
		};
		BE7CA3671F19D444008AC9C2 /* Resources */ = {
			isa = PBXGroup;
			children = (
				BE7CA3681F19D47F008AC9C2 /* ColorFragmentShader.glsl */,
				BE7CA3691F19D47F008AC9C2 /* ColorVertexShader.glsl */,
				BE7CA36A1F19D47F008AC9C2 /* TextureFragmentShader.glsl */,
				BE7CA36B1F19D47F008AC9C2 /* TextureVertexShader.glsl */,
			);
			path = Resources;
			sourceTree = "<group>";
		};
		OBJ_10 /* FwiOpenGLES2Tests */ = {
			isa = PBXGroup;
			children = (
				OBJ_11 /* FwiOpenGLES2Tests.swift */,
			);
			name = FwiOpenGLES2Tests;
			path = Tests/FwiOpenGLES2Tests;
			sourceTree = SOURCE_ROOT;
		};
		OBJ_13 /* Products */ = {
			isa = PBXGroup;
			children = (
				OBJ_14 /* FwiOpenGLES.framework */,
				OBJ_15 /* FwiOpenGLESTests.xctest */,
			);
			name = Products;
			sourceTree = BUILT_PRODUCTS_DIR;
		};
		OBJ_5 = {
			isa = PBXGroup;
			children = (
				OBJ_6 /* Package.swift */,
				BE7CA3671F19D444008AC9C2 /* Resources */,
				OBJ_7 /* Sources */,
				OBJ_9 /* Tests */,
				BE7CA3391F19CDF1008AC9C2 /* Configs */,
				OBJ_13 /* Products */,
			);
			sourceTree = "<group>";
		};
		OBJ_7 /* Sources */ = {
			isa = PBXGroup;
			children = (
				BE7CA3581F19D40B008AC9C2 /* FwiOpenGLES */,
			);
			path = Sources;
			sourceTree = SOURCE_ROOT;
		};
		OBJ_9 /* Tests */ = {
			isa = PBXGroup;
			children = (
				OBJ_10 /* FwiOpenGLES2Tests */,
			);
			name = Tests;
			sourceTree = SOURCE_ROOT;
		};
/* End PBXGroup section */

/* Begin PBXNativeTarget section */
		OBJ_16 /* FwiOpenGLES */ = {
			isa = PBXNativeTarget;
			buildConfigurationList = OBJ_17 /* Build configuration list for PBXNativeTarget "FwiOpenGLES" */;
			buildPhases = (
				OBJ_20 /* Sources */,
				OBJ_22 /* Frameworks */,
			);
			buildRules = (
			);
			dependencies = (
			);
			name = FwiOpenGLES;
			productName = FwiOpenGLES2;
			productReference = OBJ_14 /* FwiOpenGLES.framework */;
			productType = "com.apple.product-type.framework";
		};
		OBJ_23 /* FwiOpenGLESTests */ = {
			isa = PBXNativeTarget;
			buildConfigurationList = OBJ_24 /* Build configuration list for PBXNativeTarget "FwiOpenGLESTests" */;
			buildPhases = (
				OBJ_27 /* Sources */,
				OBJ_29 /* Frameworks */,
			);
			buildRules = (
			);
			dependencies = (
				OBJ_31 /* PBXTargetDependency */,
			);
			name = FwiOpenGLESTests;
			productName = FwiOpenGLES2Tests;
			productReference = OBJ_15 /* FwiOpenGLESTests.xctest */;
			productType = "com.apple.product-type.bundle.unit-test";
		};
/* End PBXNativeTarget section */

/* Begin PBXProject section */
		OBJ_1 /* Project object */ = {
			isa = PBXProject;
			attributes = {
				LastUpgradeCheck = 9999;
				TargetAttributes = {
					OBJ_16 = {
						LastSwiftMigration = 0830;
					};
				};
			};
			buildConfigurationList = OBJ_2 /* Build configuration list for PBXProject "FwiOpenGLES" */;
			compatibilityVersion = "Xcode 3.2";
			developmentRegion = English;
			hasScannedForEncodings = 0;
			knownRegions = (
				en,
			);
			mainGroup = OBJ_5;
			productRefGroup = OBJ_13 /* Products */;
			projectDirPath = "";
			projectRoot = "";
			targets = (
				OBJ_16 /* FwiOpenGLES */,
				OBJ_23 /* FwiOpenGLESTests */,
			);
		};
/* End PBXProject section */

/* Begin PBXSourcesBuildPhase section */
		OBJ_20 /* Sources */ = {
			isa = PBXSourcesBuildPhase;
			buildActionMask = 0;
			files = (
				BE7CA3601F19D41A008AC9C2 /* FwiColorShader.swift in Sources */,
				BE7CA3661F19D41A008AC9C2 /* FwiGLKMatrix+Extension.swift in Sources */,
				BE7CA3621F19D41A008AC9C2 /* FwiShader.swift in Sources */,
				BE7CA3651F19D41A008AC9C2 /* FwiVertex.swift in Sources */,
				BE7CA3631F19D41A008AC9C2 /* FwiTexture.swift in Sources */,
				BE7CA3611F19D41A008AC9C2 /* FwiGLModel.swift in Sources */,
				BE7CA3641F19D41A008AC9C2 /* FwiTextureShader.swift in Sources */,
			);
			runOnlyForDeploymentPostprocessing = 0;
		};
		OBJ_27 /* Sources */ = {
			isa = PBXSourcesBuildPhase;
			buildActionMask = 0;
			files = (
				OBJ_28 /* FwiOpenGLES2Tests.swift in Sources */,
			);
			runOnlyForDeploymentPostprocessing = 0;
		};
/* End PBXSourcesBuildPhase section */

/* Begin PBXTargetDependency section */
		OBJ_31 /* PBXTargetDependency */ = {
			isa = PBXTargetDependency;
			target = OBJ_16 /* FwiOpenGLES */;
			targetProxy = BE7CA3381F193D11008AC9C2 /* PBXContainerItemProxy */;
		};
/* End PBXTargetDependency section */

/* Begin XCBuildConfiguration section */
		OBJ_18 /* Debug */ = {
			isa = XCBuildConfiguration;
			baseConfigurationReference = BE7CA3521F19D35A008AC9C2 /* lib-debug.xcconfig */;
			buildSettings = {
				CLANG_ENABLE_MODULES = YES;
				DEFINES_MODULE = YES;
				LD_RUNPATH_SEARCH_PATHS = "$(inherited) @executable_path/Frameworks @loader_path/Frameworks";
				OTHER_LDFLAGS = "$(inherited)";
				PRODUCT_BUNDLE_IDENTIFIER = FwiOpenGLES2;
				PRODUCT_NAME = FwiOpenGLES;
				SWIFT_OPTIMIZATION_LEVEL = "-Onone";
				SWIFT_VERSION = 3.0;
			};
			name = Debug;
		};
		OBJ_19 /* Release */ = {
			isa = XCBuildConfiguration;
			baseConfigurationReference = BE7CA3531F19D35A008AC9C2 /* lib-release.xcconfig */;
			buildSettings = {
				CLANG_ENABLE_MODULES = YES;
				DEFINES_MODULE = YES;
				LD_RUNPATH_SEARCH_PATHS = "$(inherited) @executable_path/Frameworks @loader_path/Frameworks";
				OTHER_LDFLAGS = "$(inherited)";
				PRODUCT_BUNDLE_IDENTIFIER = FwiOpenGLES2;
				PRODUCT_NAME = FwiOpenGLES;
				SWIFT_VERSION = 3.0;
			};
			name = Release;
		};
		OBJ_25 /* Debug */ = {
			isa = XCBuildConfiguration;
			baseConfigurationReference = BE7CA3561F19D35A008AC9C2 /* test-debug.xcconfig */;
			buildSettings = {
				ALWAYS_EMBED_SWIFT_STANDARD_LIBRARIES = YES;
				OTHER_LDFLAGS = "$(inherited)";
				PRODUCT_NAME = FwiOpenGLESTests;
			};
			name = Debug;
		};
		OBJ_26 /* Release */ = {
			isa = XCBuildConfiguration;
			baseConfigurationReference = BE7CA3571F19D35A008AC9C2 /* test-release.xcconfig */;
			buildSettings = {
				ALWAYS_EMBED_SWIFT_STANDARD_LIBRARIES = YES;
				OTHER_LDFLAGS = "$(inherited)";
				PRODUCT_NAME = FwiOpenGLESTests;
			};
			name = Release;
		};
		OBJ_3 /* Debug */ = {
			isa = XCBuildConfiguration;
			baseConfigurationReference = BE7CA3541F19D35A008AC9C2 /* project-debug.xcconfig */;
			buildSettings = {
				PRODUCT_NAME = "$(TARGET_NAME)";
			};
			name = Debug;
		};
		OBJ_4 /* Release */ = {
			isa = XCBuildConfiguration;
			baseConfigurationReference = BE7CA3551F19D35A008AC9C2 /* project-release.xcconfig */;
			buildSettings = {
				PRODUCT_NAME = "$(TARGET_NAME)";
			};
			name = Release;
		};
/* End XCBuildConfiguration section */

/* Begin XCConfigurationList section */
		OBJ_17 /* Build configuration list for PBXNativeTarget "FwiOpenGLES" */ = {
			isa = XCConfigurationList;
			buildConfigurations = (
				OBJ_18 /* Debug */,
				OBJ_19 /* Release */,
			);
			defaultConfigurationIsVisible = 0;
			defaultConfigurationName = Debug;
		};
		OBJ_2 /* Build configuration list for PBXProject "FwiOpenGLES" */ = {
			isa = XCConfigurationList;
			buildConfigurations = (
				OBJ_3 /* Debug */,
				OBJ_4 /* Release */,
			);
			defaultConfigurationIsVisible = 0;
			defaultConfigurationName = Debug;
		};
		OBJ_24 /* Build configuration list for PBXNativeTarget "FwiOpenGLESTests" */ = {
			isa = XCConfigurationList;
			buildConfigurations = (
				OBJ_25 /* Debug */,
				OBJ_26 /* Release */,
			);
			defaultConfigurationIsVisible = 0;
			defaultConfigurationName = Debug;
		};
/* End XCConfigurationList section */
	};
	rootObject = OBJ_1 /* Project object */;
}
