// !$*UTF8*$!
{
	archiveVersion = 1;
	classes = {
	};
	objectVersion = 46;
	objects = {

/* Begin PBXBuildFile section */
		BE488BFB1F460C6000F9C642 /* FwiCapture.swift in Sources */ = {isa = PBXBuildFile; fileRef = BE488BFA1F460C6000F9C642 /* FwiCapture.swift */; };
		BE7CA3611F19D41A008AC9C2 /* FwiGLModel.swift in Sources */ = {isa = PBXBuildFile; fileRef = BE7CA35A1F19D41A008AC9C2 /* FwiGLModel.swift */; };
		BE7CA3621F19D41A008AC9C2 /* FwiShader.swift in Sources */ = {isa = PBXBuildFile; fileRef = BE7CA35B1F19D41A008AC9C2 /* FwiShader.swift */; };
		BE7CA3631F19D41A008AC9C2 /* FwiTextureLoader.swift in Sources */ = {isa = PBXBuildFile; fileRef = BE7CA35C1F19D41A008AC9C2 /* FwiTextureLoader.swift */; };
		BE7CA3641F19D41A008AC9C2 /* FwiTextureShader.swift in Sources */ = {isa = PBXBuildFile; fileRef = BE7CA35D1F19D41A008AC9C2 /* FwiTextureShader.swift */; };
		BE7CA3651F19D41A008AC9C2 /* FwiVertex.swift in Sources */ = {isa = PBXBuildFile; fileRef = BE7CA35E1F19D41A008AC9C2 /* FwiVertex.swift */; };
		BE7CA3661F19D41A008AC9C2 /* FwiGLKMatrix+Extension.swift in Sources */ = {isa = PBXBuildFile; fileRef = BE7CA35F1F19D41A008AC9C2 /* FwiGLKMatrix+Extension.swift */; };
		BE7CA37C1F19FA2F008AC9C2 /* ColorFragmentShader.fsh in Resources */ = {isa = PBXBuildFile; fileRef = BE7CA3681F19D47F008AC9C2 /* ColorFragmentShader.fsh */; };
		BE7CA37D1F19FA2F008AC9C2 /* ColorVertexShader.vsh in Resources */ = {isa = PBXBuildFile; fileRef = BE7CA3691F19D47F008AC9C2 /* ColorVertexShader.vsh */; };
		BE7CA37E1F19FA2F008AC9C2 /* TextureFragmentShader.fsh in Resources */ = {isa = PBXBuildFile; fileRef = BE7CA36A1F19D47F008AC9C2 /* TextureFragmentShader.fsh */; };
		BE7CA37F1F19FA2F008AC9C2 /* TextureVertexShader.vsh in Resources */ = {isa = PBXBuildFile; fileRef = BE7CA36B1F19D47F008AC9C2 /* TextureVertexShader.vsh */; };
		BE8153801F41373F00620D90 /* FwiParser.swift in Sources */ = {isa = PBXBuildFile; fileRef = BE81537F1F41373F00620D90 /* FwiParser.swift */; };
		BE93078B1F4B494F005CE3BF /* FwiShaderLoader.swift in Sources */ = {isa = PBXBuildFile; fileRef = BE93078A1F4B494F005CE3BF /* FwiShaderLoader.swift */; };
		BEA27D471F362A6D002FFE21 /* FwiOBJParser.swift in Sources */ = {isa = PBXBuildFile; fileRef = BEA27D461F362A6D002FFE21 /* FwiOBJParser.swift */; };
		BECCC3021F4C2B9300FB0E89 /* FwiPixelBufferShader.swift in Sources */ = {isa = PBXBuildFile; fileRef = BECCC3011F4C2B9300FB0E89 /* FwiPixelBufferShader.swift */; };
		BED020A71F46964500EF2171 /* FwiBGRAFrame.swift in Sources */ = {isa = PBXBuildFile; fileRef = BED020A61F46964500EF2171 /* FwiBGRAFrame.swift */; };
		BED714A91F4D28C100841E15 /* FwiEAGLView.swift in Sources */ = {isa = PBXBuildFile; fileRef = BED714A81F4D28C100841E15 /* FwiEAGLView.swift */; };
		BED714AB1F4D2D3300841E15 /* FwiPixelBufferLoader.swift in Sources */ = {isa = PBXBuildFile; fileRef = BED714AA1F4D2D3300841E15 /* FwiPixelBufferLoader.swift */; };
		BEDEE7731F345C08003DA1EE /* Body_normal.tga in Resources */ = {isa = PBXBuildFile; fileRef = BEDEE7501F3458B4003DA1EE /* Body_normal.tga */; };
		BEDEE7741F345C08003DA1EE /* Body.tga in Resources */ = {isa = PBXBuildFile; fileRef = BEDEE74C1F3458B4003DA1EE /* Body.tga */; };
		BEDEE7751F345C08003DA1EE /* BodyWet_normal.tga in Resources */ = {isa = PBXBuildFile; fileRef = BEDEE7551F3458B4003DA1EE /* BodyWet_normal.tga */; };
		BEDEE7761F345C08003DA1EE /* Boots_n.tga in Resources */ = {isa = PBXBuildFile; fileRef = BEDEE74E1F3458B4003DA1EE /* Boots_n.tga */; };
		BEDEE7771F345C08003DA1EE /* Boots.tga in Resources */ = {isa = PBXBuildFile; fileRef = BEDEE74A1F3458B4003DA1EE /* Boots.tga */; };
		BEDEE7781F345C08003DA1EE /* eyeball_l.tga in Resources */ = {isa = PBXBuildFile; fileRef = BEDEE7541F3458B4003DA1EE /* eyeball_l.tga */; };
		BEDEE7791F345C08003DA1EE /* eyeball_r.tga in Resources */ = {isa = PBXBuildFile; fileRef = BEDEE74B1F3458B4003DA1EE /* eyeball_r.tga */; };
		BEDEE77A1F345C08003DA1EE /* eyes_normal.tga in Resources */ = {isa = PBXBuildFile; fileRef = BEDEE7491F3458B4003DA1EE /* eyes_normal.tga */; };
		BEDEE77B1F345C08003DA1EE /* eyes.tga in Resources */ = {isa = PBXBuildFile; fileRef = BEDEE74F1F3458B4003DA1EE /* eyes.tga */; };
		BEDEE77C1F345C08003DA1EE /* Face_normal.tga in Resources */ = {isa = PBXBuildFile; fileRef = BEDEE74D1F3458B4003DA1EE /* Face_normal.tga */; };
		BEDEE77D1F345C08003DA1EE /* Face.tga in Resources */ = {isa = PBXBuildFile; fileRef = BEDEE7511F3458B4003DA1EE /* Face.tga */; };
		BEDEE77E1F345C08003DA1EE /* Hair_normal.tga in Resources */ = {isa = PBXBuildFile; fileRef = BEDEE7481F3458B4003DA1EE /* Hair_normal.tga */; };
		BEDEE77F1F345C08003DA1EE /* Hair.tga in Resources */ = {isa = PBXBuildFile; fileRef = BEDEE7521F3458B4003DA1EE /* Hair.tga */; };
		BEDEE7801F345C08003DA1EE /* mouth.tga in Resources */ = {isa = PBXBuildFile; fileRef = BEDEE7531F3458B4003DA1EE /* mouth.tga */; };
		BEDEE7811F345C08003DA1EE /* BlondeElexis.obj in Resources */ = {isa = PBXBuildFile; fileRef = BEDEE7461F345884003DA1EE /* BlondeElexis.obj */; };
		OBJ_28 /* FwiOpenGLES2Tests.swift in Sources */ = {isa = PBXBuildFile; fileRef = OBJ_11 /* FwiOpenGLES2Tests.swift */; };
		OBJ_30 /* FwiOpenGLES.framework in Frameworks */ = {isa = PBXBuildFile; fileRef = OBJ_14 /* FwiOpenGLES.framework */; };
/* End PBXBuildFile section */

/* Begin PBXContainerItemProxy section */
		BE7CA3381F193D11008AC9C2 /* PBXContainerItemProxy */ = {
			isa = PBXContainerItemProxy;
			containerPortal = OBJ_1 /* Project object */;
			proxyType = 1;
			remoteGlobalIDString = OBJ_16;
			remoteInfo = FwiOpenGLES2;
		};
/* End PBXContainerItemProxy section */

/* Begin PBXFileReference section */
		BE488BFA1F460C6000F9C642 /* FwiCapture.swift */ = {isa = PBXFileReference; fileEncoding = 4; lastKnownFileType = sourcecode.swift; path = FwiCapture.swift; sourceTree = "<group>"; };
		BE7CA3521F19D35A008AC9C2 /* lib-debug.xcconfig */ = {isa = PBXFileReference; lastKnownFileType = text.xcconfig; name = "lib-debug.xcconfig"; path = "FwiOpenGLES.xcodeproj/lib-debug.xcconfig"; sourceTree = "<group>"; };
		BE7CA3531F19D35A008AC9C2 /* lib-release.xcconfig */ = {isa = PBXFileReference; lastKnownFileType = text.xcconfig; name = "lib-release.xcconfig"; path = "FwiOpenGLES.xcodeproj/lib-release.xcconfig"; sourceTree = "<group>"; };
		BE7CA3541F19D35A008AC9C2 /* project-debug.xcconfig */ = {isa = PBXFileReference; lastKnownFileType = text.xcconfig; name = "project-debug.xcconfig"; path = "FwiOpenGLES.xcodeproj/project-debug.xcconfig"; sourceTree = "<group>"; };
		BE7CA3551F19D35A008AC9C2 /* project-release.xcconfig */ = {isa = PBXFileReference; lastKnownFileType = text.xcconfig; name = "project-release.xcconfig"; path = "FwiOpenGLES.xcodeproj/project-release.xcconfig"; sourceTree = "<group>"; };
		BE7CA3561F19D35A008AC9C2 /* test-debug.xcconfig */ = {isa = PBXFileReference; lastKnownFileType = text.xcconfig; name = "test-debug.xcconfig"; path = "FwiOpenGLES.xcodeproj/test-debug.xcconfig"; sourceTree = "<group>"; };
		BE7CA3571F19D35A008AC9C2 /* test-release.xcconfig */ = {isa = PBXFileReference; lastKnownFileType = text.xcconfig; name = "test-release.xcconfig"; path = "FwiOpenGLES.xcodeproj/test-release.xcconfig"; sourceTree = "<group>"; };
		BE7CA35A1F19D41A008AC9C2 /* FwiGLModel.swift */ = {isa = PBXFileReference; fileEncoding = 4; lastKnownFileType = sourcecode.swift; path = FwiGLModel.swift; sourceTree = "<group>"; };
		BE7CA35B1F19D41A008AC9C2 /* FwiShader.swift */ = {isa = PBXFileReference; fileEncoding = 4; lastKnownFileType = sourcecode.swift; path = FwiShader.swift; sourceTree = "<group>"; };
		BE7CA35C1F19D41A008AC9C2 /* FwiTextureLoader.swift */ = {isa = PBXFileReference; fileEncoding = 4; lastKnownFileType = sourcecode.swift; path = FwiTextureLoader.swift; sourceTree = "<group>"; };
		BE7CA35D1F19D41A008AC9C2 /* FwiTextureShader.swift */ = {isa = PBXFileReference; fileEncoding = 4; lastKnownFileType = sourcecode.swift; path = FwiTextureShader.swift; sourceTree = "<group>"; };
		BE7CA35E1F19D41A008AC9C2 /* FwiVertex.swift */ = {isa = PBXFileReference; fileEncoding = 4; lastKnownFileType = sourcecode.swift; path = FwiVertex.swift; sourceTree = "<group>"; };
		BE7CA35F1F19D41A008AC9C2 /* FwiGLKMatrix+Extension.swift */ = {isa = PBXFileReference; fileEncoding = 4; lastKnownFileType = sourcecode.swift; path = "FwiGLKMatrix+Extension.swift"; sourceTree = "<group>"; };
		BE7CA3681F19D47F008AC9C2 /* ColorFragmentShader.fsh */ = {isa = PBXFileReference; fileEncoding = 4; lastKnownFileType = sourcecode.glsl; path = ColorFragmentShader.fsh; sourceTree = "<group>"; };
		BE7CA3691F19D47F008AC9C2 /* ColorVertexShader.vsh */ = {isa = PBXFileReference; fileEncoding = 4; lastKnownFileType = sourcecode.glsl; path = ColorVertexShader.vsh; sourceTree = "<group>"; };
		BE7CA36A1F19D47F008AC9C2 /* TextureFragmentShader.fsh */ = {isa = PBXFileReference; fileEncoding = 4; lastKnownFileType = sourcecode.glsl; path = TextureFragmentShader.fsh; sourceTree = "<group>"; };
		BE7CA36B1F19D47F008AC9C2 /* TextureVertexShader.vsh */ = {isa = PBXFileReference; fileEncoding = 4; lastKnownFileType = sourcecode.glsl; path = TextureVertexShader.vsh; sourceTree = "<group>"; };
		BE81537F1F41373F00620D90 /* FwiParser.swift */ = {isa = PBXFileReference; fileEncoding = 4; lastKnownFileType = sourcecode.swift; path = FwiParser.swift; sourceTree = "<group>"; };
		BE93078A1F4B494F005CE3BF /* FwiShaderLoader.swift */ = {isa = PBXFileReference; fileEncoding = 4; lastKnownFileType = sourcecode.swift; path = FwiShaderLoader.swift; sourceTree = "<group>"; };
		BEA27D461F362A6D002FFE21 /* FwiOBJParser.swift */ = {isa = PBXFileReference; fileEncoding = 4; lastKnownFileType = sourcecode.swift; path = FwiOBJParser.swift; sourceTree = "<group>"; };
		BECCC3011F4C2B9300FB0E89 /* FwiPixelBufferShader.swift */ = {isa = PBXFileReference; fileEncoding = 4; lastKnownFileType = sourcecode.swift; path = FwiPixelBufferShader.swift; sourceTree = "<group>"; };
		BED020A61F46964500EF2171 /* FwiBGRAFrame.swift */ = {isa = PBXFileReference; fileEncoding = 4; lastKnownFileType = sourcecode.swift; path = FwiBGRAFrame.swift; sourceTree = "<group>"; };
		BED714A81F4D28C100841E15 /* FwiEAGLView.swift */ = {isa = PBXFileReference; fileEncoding = 4; lastKnownFileType = sourcecode.swift; path = FwiEAGLView.swift; sourceTree = "<group>"; };
		BED714AA1F4D2D3300841E15 /* FwiPixelBufferLoader.swift */ = {isa = PBXFileReference; fileEncoding = 4; lastKnownFileType = sourcecode.swift; path = FwiPixelBufferLoader.swift; sourceTree = "<group>"; };
		BEDEE7461F345884003DA1EE /* BlondeElexis.obj */ = {isa = PBXFileReference; fileEncoding = 4; lastKnownFileType = text; path = BlondeElexis.obj; sourceTree = "<group>"; };
		BEDEE7481F3458B4003DA1EE /* Hair_normal.tga */ = {isa = PBXFileReference; lastKnownFileType = file; path = Hair_normal.tga; sourceTree = "<group>"; };
		BEDEE7491F3458B4003DA1EE /* eyes_normal.tga */ = {isa = PBXFileReference; lastKnownFileType = file; path = eyes_normal.tga; sourceTree = "<group>"; };
		BEDEE74A1F3458B4003DA1EE /* Boots.tga */ = {isa = PBXFileReference; lastKnownFileType = file; path = Boots.tga; sourceTree = "<group>"; };
		BEDEE74B1F3458B4003DA1EE /* eyeball_r.tga */ = {isa = PBXFileReference; lastKnownFileType = file; path = eyeball_r.tga; sourceTree = "<group>"; };
		BEDEE74C1F3458B4003DA1EE /* Body.tga */ = {isa = PBXFileReference; lastKnownFileType = file; path = Body.tga; sourceTree = "<group>"; };
		BEDEE74D1F3458B4003DA1EE /* Face_normal.tga */ = {isa = PBXFileReference; lastKnownFileType = file; path = Face_normal.tga; sourceTree = "<group>"; };
		BEDEE74E1F3458B4003DA1EE /* Boots_n.tga */ = {isa = PBXFileReference; lastKnownFileType = file; path = Boots_n.tga; sourceTree = "<group>"; };
		BEDEE74F1F3458B4003DA1EE /* eyes.tga */ = {isa = PBXFileReference; lastKnownFileType = file; path = eyes.tga; sourceTree = "<group>"; };
		BEDEE7501F3458B4003DA1EE /* Body_normal.tga */ = {isa = PBXFileReference; lastKnownFileType = file; path = Body_normal.tga; sourceTree = "<group>"; };
		BEDEE7511F3458B4003DA1EE /* Face.tga */ = {isa = PBXFileReference; lastKnownFileType = file; path = Face.tga; sourceTree = "<group>"; };
		BEDEE7521F3458B4003DA1EE /* Hair.tga */ = {isa = PBXFileReference; lastKnownFileType = file; path = Hair.tga; sourceTree = "<group>"; };
		BEDEE7531F3458B4003DA1EE /* mouth.tga */ = {isa = PBXFileReference; lastKnownFileType = file; path = mouth.tga; sourceTree = "<group>"; };
		BEDEE7541F3458B4003DA1EE /* eyeball_l.tga */ = {isa = PBXFileReference; lastKnownFileType = file; path = eyeball_l.tga; sourceTree = "<group>"; };
		BEDEE7551F3458B4003DA1EE /* BodyWet_normal.tga */ = {isa = PBXFileReference; lastKnownFileType = file; path = BodyWet_normal.tga; sourceTree = "<group>"; };
		OBJ_11 /* FwiOpenGLES2Tests.swift */ = {isa = PBXFileReference; lastKnownFileType = sourcecode.swift; path = FwiOpenGLES2Tests.swift; sourceTree = "<group>"; };
		OBJ_14 /* FwiOpenGLES.framework */ = {isa = PBXFileReference; explicitFileType = wrapper.framework; path = FwiOpenGLES.framework; sourceTree = BUILT_PRODUCTS_DIR; };
		OBJ_15 /* FwiOpenGLESTests.xctest */ = {isa = PBXFileReference; explicitFileType = wrapper.cfbundle; path = FwiOpenGLESTests.xctest; sourceTree = BUILT_PRODUCTS_DIR; };
		OBJ_6 /* Package.swift */ = {isa = PBXFileReference; explicitFileType = sourcecode.swift; path = Package.swift; sourceTree = "<group>"; };
/* End PBXFileReference section */

/* Begin PBXFrameworksBuildPhase section */
		OBJ_22 /* Frameworks */ = {
			isa = PBXFrameworksBuildPhase;
			buildActionMask = 0;
			files = (
			);
			runOnlyForDeploymentPostprocessing = 0;
		};
		OBJ_29 /* Frameworks */ = {
			isa = PBXFrameworksBuildPhase;
			buildActionMask = 0;
			files = (
				OBJ_30 /* FwiOpenGLES.framework in Frameworks */,
			);
			runOnlyForDeploymentPostprocessing = 0;
		};
/* End PBXFrameworksBuildPhase section */

/* Begin PBXGroup section */
		BE488BF71F45E32100F9C642 /* capture */ = {
			isa = PBXGroup;
			children = (
				BE488BFA1F460C6000F9C642 /* FwiCapture.swift */,
			);
			name = capture;
			sourceTree = "<group>";
		};
		BE7CA3391F19CDF1008AC9C2 /* Configs */ = {
			isa = PBXGroup;
			children = (
				BE7CA3521F19D35A008AC9C2 /* lib-debug.xcconfig */,
				BE7CA3531F19D35A008AC9C2 /* lib-release.xcconfig */,
				BE7CA3541F19D35A008AC9C2 /* project-debug.xcconfig */,
				BE7CA3551F19D35A008AC9C2 /* project-release.xcconfig */,
				BE7CA3561F19D35A008AC9C2 /* test-debug.xcconfig */,
				BE7CA3571F19D35A008AC9C2 /* test-release.xcconfig */,
			);
			name = Configs;
			sourceTree = "<group>";
		};
		BE7CA34C1F19CFB5008AC9C2 /* shader */ = {
			isa = PBXGroup;
			children = (
				BE93078C1F4B4F42005CE3BF /* loader */,
				BE7CA35B1F19D41A008AC9C2 /* FwiShader.swift */,
				BE7CA35D1F19D41A008AC9C2 /* FwiTextureShader.swift */,
				BECCC3011F4C2B9300FB0E89 /* FwiPixelBufferShader.swift */,
			);
			name = shader;
			sourceTree = "<group>";
		};
		BE7CA34D1F19CFD0008AC9C2 /* model */ = {
			isa = PBXGroup;
			children = (
				BE7CA35E1F19D41A008AC9C2 /* FwiVertex.swift */,
				BE7CA35A1F19D41A008AC9C2 /* FwiGLModel.swift */,
				BED020A61F46964500EF2171 /* FwiBGRAFrame.swift */,
			);
			name = model;
			sourceTree = "<group>";
		};
		BE7CA34E1F19D0FC008AC9C2 /* extension */ = {
			isa = PBXGroup;
			children = (
				BE7CA35F1F19D41A008AC9C2 /* FwiGLKMatrix+Extension.swift */,
			);
			name = extension;
			sourceTree = "<group>";
		};
		BE7CA3581F19D40B008AC9C2 /* FwiOpenGLES */ = {
			isa = PBXGroup;
			children = (
				BE7CA34E1F19D0FC008AC9C2 /* extension */,
				BE488BF71F45E32100F9C642 /* capture */,
				BE7CA34D1F19CFD0008AC9C2 /* model */,
				BED714A71F4D28AA00841E15 /* view */,
				BEA27D481F362A74002FFE21 /* parser */,
				BE7CA34C1F19CFB5008AC9C2 /* shader */,
			);
			name = FwiOpenGLES;
			sourceTree = "<group>";
		};
		BE7CA3671F19D444008AC9C2 /* Resources */ = {
			isa = PBXGroup;
			children = (
				BE7CA3681F19D47F008AC9C2 /* ColorFragmentShader.fsh */,
				BE7CA3691F19D47F008AC9C2 /* ColorVertexShader.vsh */,
				BE7CA36A1F19D47F008AC9C2 /* TextureFragmentShader.fsh */,
				BE7CA36B1F19D47F008AC9C2 /* TextureVertexShader.vsh */,
			);
			path = Resources;
			sourceTree = "<group>";
		};
		BE93078C1F4B4F42005CE3BF /* loader */ = {
			isa = PBXGroup;
			children = (
				BE93078A1F4B494F005CE3BF /* FwiShaderLoader.swift */,
				BE7CA35C1F19D41A008AC9C2 /* FwiTextureLoader.swift */,
				BED714AA1F4D2D3300841E15 /* FwiPixelBufferLoader.swift */,
			);
			name = loader;
			sourceTree = "<group>";
		};
		BEA27D481F362A74002FFE21 /* parser */ = {
			isa = PBXGroup;
			children = (
				BE81537F1F41373F00620D90 /* FwiParser.swift */,
				BEA27D461F362A6D002FFE21 /* FwiOBJParser.swift */,
			);
			name = parser;
			sourceTree = "<group>";
		};
		BED714A71F4D28AA00841E15 /* view */ = {
			isa = PBXGroup;
			children = (
				BED714A81F4D28C100841E15 /* FwiEAGLView.swift */,
			);
			name = view;
			sourceTree = "<group>";
		};
		OBJ_10 /* FwiOpenGLES2Tests */ = {
			isa = PBXGroup;
			children = (
				BEDEE7501F3458B4003DA1EE /* Body_normal.tga */,
				BEDEE74C1F3458B4003DA1EE /* Body.tga */,
				BEDEE7551F3458B4003DA1EE /* BodyWet_normal.tga */,
				BEDEE74E1F3458B4003DA1EE /* Boots_n.tga */,
				BEDEE74A1F3458B4003DA1EE /* Boots.tga */,
				BEDEE7541F3458B4003DA1EE /* eyeball_l.tga */,
				BEDEE74B1F3458B4003DA1EE /* eyeball_r.tga */,
				BEDEE7491F3458B4003DA1EE /* eyes_normal.tga */,
				BEDEE74F1F3458B4003DA1EE /* eyes.tga */,
				BEDEE74D1F3458B4003DA1EE /* Face_normal.tga */,
				BEDEE7511F3458B4003DA1EE /* Face.tga */,
				BEDEE7481F3458B4003DA1EE /* Hair_normal.tga */,
				BEDEE7521F3458B4003DA1EE /* Hair.tga */,
				BEDEE7531F3458B4003DA1EE /* mouth.tga */,
				BEDEE7461F345884003DA1EE /* BlondeElexis.obj */,
				OBJ_11 /* FwiOpenGLES2Tests.swift */,
			);
			name = FwiOpenGLES2Tests;
			path = Tests/FwiOpenGLES2Tests;
			sourceTree = SOURCE_ROOT;
		};
		OBJ_13 /* Products */ = {
			isa = PBXGroup;
			children = (
				OBJ_14 /* FwiOpenGLES.framework */,
				OBJ_15 /* FwiOpenGLESTests.xctest */,
			);
			name = Products;
			sourceTree = BUILT_PRODUCTS_DIR;
		};
		OBJ_5 = {
			isa = PBXGroup;
			children = (
				OBJ_6 /* Package.swift */,
				BE7CA3671F19D444008AC9C2 /* Resources */,
				OBJ_7 /* Sources */,
				OBJ_9 /* Tests */,
				BE7CA3391F19CDF1008AC9C2 /* Configs */,
				OBJ_13 /* Products */,
			);
			sourceTree = "<group>";
		};
		OBJ_7 /* Sources */ = {
			isa = PBXGroup;
			children = (
				BE7CA3581F19D40B008AC9C2 /* FwiOpenGLES */,
			);
			path = Sources;
			sourceTree = SOURCE_ROOT;
		};
		OBJ_9 /* Tests */ = {
			isa = PBXGroup;
			children = (
				OBJ_10 /* FwiOpenGLES2Tests */,
			);
			name = Tests;
			sourceTree = SOURCE_ROOT;
		};
/* End PBXGroup section */

/* Begin PBXNativeTarget section */
		OBJ_16 /* FwiOpenGLES */ = {
			isa = PBXNativeTarget;
			buildConfigurationList = OBJ_17 /* Build configuration list for PBXNativeTarget "FwiOpenGLES" */;
			buildPhases = (
				OBJ_20 /* Sources */,
				BE7CA37B1F19FA0A008AC9C2 /* Resources */,
				OBJ_22 /* Frameworks */,
			);
			buildRules = (
			);
			dependencies = (
			);
			name = FwiOpenGLES;
			productName = FwiOpenGLES2;
			productReference = OBJ_14 /* FwiOpenGLES.framework */;
			productType = "com.apple.product-type.framework";
		};
		OBJ_23 /* FwiOpenGLESTests */ = {
			isa = PBXNativeTarget;
			buildConfigurationList = OBJ_24 /* Build configuration list for PBXNativeTarget "FwiOpenGLESTests" */;
			buildPhases = (
				OBJ_27 /* Sources */,
				OBJ_29 /* Frameworks */,
				BEDEE7721F345BFA003DA1EE /* Resources */,
			);
			buildRules = (
			);
			dependencies = (
				OBJ_31 /* PBXTargetDependency */,
			);
			name = FwiOpenGLESTests;
			productName = FwiOpenGLES2Tests;
			productReference = OBJ_15 /* FwiOpenGLESTests.xctest */;
			productType = "com.apple.product-type.bundle.unit-test";
		};
/* End PBXNativeTarget section */

/* Begin PBXProject section */
		OBJ_1 /* Project object */ = {
			isa = PBXProject;
			attributes = {
				LastUpgradeCheck = 9999;
				ORGANIZATIONNAME = "Fiision Studio";
				TargetAttributes = {
					OBJ_16 = {
						LastSwiftMigration = 0830;
					};
				};
			};
			buildConfigurationList = OBJ_2 /* Build configuration list for PBXProject "FwiOpenGLES" */;
			compatibilityVersion = "Xcode 3.2";
			developmentRegion = English;
			hasScannedForEncodings = 0;
			knownRegions = (
				en,
			);
			mainGroup = OBJ_5;
			productRefGroup = OBJ_13 /* Products */;
			projectDirPath = "";
			projectRoot = "";
			targets = (
				OBJ_16 /* FwiOpenGLES */,
				OBJ_23 /* FwiOpenGLESTests */,
			);
		};
/* End PBXProject section */

/* Begin PBXResourcesBuildPhase section */
		BE7CA37B1F19FA0A008AC9C2 /* Resources */ = {
			isa = PBXResourcesBuildPhase;
			buildActionMask = 2147483647;
			files = (
				BE7CA37C1F19FA2F008AC9C2 /* ColorFragmentShader.fsh in Resources */,
				BE7CA37D1F19FA2F008AC9C2 /* ColorVertexShader.vsh in Resources */,
				BE7CA37E1F19FA2F008AC9C2 /* TextureFragmentShader.fsh in Resources */,
				BE7CA37F1F19FA2F008AC9C2 /* TextureVertexShader.vsh in Resources */,
			);
			runOnlyForDeploymentPostprocessing = 0;
		};
		BEDEE7721F345BFA003DA1EE /* Resources */ = {
			isa = PBXResourcesBuildPhase;
			buildActionMask = 2147483647;
			files = (
				BEDEE7731F345C08003DA1EE /* Body_normal.tga in Resources */,
				BEDEE7741F345C08003DA1EE /* Body.tga in Resources */,
				BEDEE7751F345C08003DA1EE /* BodyWet_normal.tga in Resources */,
				BEDEE7761F345C08003DA1EE /* Boots_n.tga in Resources */,
				BEDEE7771F345C08003DA1EE /* Boots.tga in Resources */,
				BEDEE7781F345C08003DA1EE /* eyeball_l.tga in Resources */,
				BEDEE7791F345C08003DA1EE /* eyeball_r.tga in Resources */,
				BEDEE77A1F345C08003DA1EE /* eyes_normal.tga in Resources */,
				BEDEE77B1F345C08003DA1EE /* eyes.tga in Resources */,
				BEDEE77C1F345C08003DA1EE /* Face_normal.tga in Resources */,
				BEDEE77D1F345C08003DA1EE /* Face.tga in Resources */,
				BEDEE77E1F345C08003DA1EE /* Hair_normal.tga in Resources */,
				BEDEE77F1F345C08003DA1EE /* Hair.tga in Resources */,
				BEDEE7801F345C08003DA1EE /* mouth.tga in Resources */,
				BEDEE7811F345C08003DA1EE /* BlondeElexis.obj in Resources */,
			);
			runOnlyForDeploymentPostprocessing = 0;
		};
/* End PBXResourcesBuildPhase section */

/* Begin PBXSourcesBuildPhase section */
		OBJ_20 /* Sources */ = {
			isa = PBXSourcesBuildPhase;
			buildActionMask = 0;
			files = (
				BE93078B1F4B494F005CE3BF /* FwiShaderLoader.swift in Sources */,
				BE7CA3661F19D41A008AC9C2 /* FwiGLKMatrix+Extension.swift in Sources */,
				BECCC3021F4C2B9300FB0E89 /* FwiPixelBufferShader.swift in Sources */,
				BE7CA3621F19D41A008AC9C2 /* FwiShader.swift in Sources */,
				BE488BFB1F460C6000F9C642 /* FwiCapture.swift in Sources */,
				BEA27D471F362A6D002FFE21 /* FwiOBJParser.swift in Sources */,
				BE7CA3651F19D41A008AC9C2 /* FwiVertex.swift in Sources */,
				BE7CA3631F19D41A008AC9C2 /* FwiTextureLoader.swift in Sources */,
				BE7CA3611F19D41A008AC9C2 /* FwiGLModel.swift in Sources */,
				BE7CA3641F19D41A008AC9C2 /* FwiTextureShader.swift in Sources */,
				BE8153801F41373F00620D90 /* FwiParser.swift in Sources */,
				BED714A91F4D28C100841E15 /* FwiEAGLView.swift in Sources */,
				BED714AB1F4D2D3300841E15 /* FwiPixelBufferLoader.swift in Sources */,
				BED020A71F46964500EF2171 /* FwiBGRAFrame.swift in Sources */,
			);
			runOnlyForDeploymentPostprocessing = 0;
		};
		OBJ_27 /* Sources */ = {
			isa = PBXSourcesBuildPhase;
			buildActionMask = 0;
			files = (
				OBJ_28 /* FwiOpenGLES2Tests.swift in Sources */,
			);
			runOnlyForDeploymentPostprocessing = 0;
		};
/* End PBXSourcesBuildPhase section */

/* Begin PBXTargetDependency section */
		OBJ_31 /* PBXTargetDependency */ = {
			isa = PBXTargetDependency;
			target = OBJ_16 /* FwiOpenGLES */;
			targetProxy = BE7CA3381F193D11008AC9C2 /* PBXContainerItemProxy */;
		};
/* End PBXTargetDependency section */

/* Begin XCBuildConfiguration section */
		OBJ_18 /* Debug */ = {
			isa = XCBuildConfiguration;
			baseConfigurationReference = BE7CA3521F19D35A008AC9C2 /* lib-debug.xcconfig */;
			buildSettings = {
				DEFINES_MODULE = YES;
				LD_RUNPATH_SEARCH_PATHS = "$(inherited) @executable_path/Frameworks @loader_path/Frameworks";
				OTHER_LDFLAGS = "$(inherited)";
				PRODUCT_BUNDLE_IDENTIFIER = com.fiision.lib.FwiOpenGLES;
			};
			name = Debug;
		};
		OBJ_19 /* Release */ = {
			isa = XCBuildConfiguration;
			baseConfigurationReference = BE7CA3531F19D35A008AC9C2 /* lib-release.xcconfig */;
			buildSettings = {
				DEFINES_MODULE = YES;
				LD_RUNPATH_SEARCH_PATHS = "$(inherited) @executable_path/Frameworks @loader_path/Frameworks";
				OTHER_LDFLAGS = "$(inherited)";
				PRODUCT_BUNDLE_IDENTIFIER = com.fiision.lib.FwiOpenGLES;
			};
			name = Release;
		};
		OBJ_25 /* Debug */ = {
			isa = XCBuildConfiguration;
			baseConfigurationReference = BE7CA3561F19D35A008AC9C2 /* test-debug.xcconfig */;
			buildSettings = {
				ALWAYS_EMBED_SWIFT_STANDARD_LIBRARIES = YES;
				OTHER_LDFLAGS = "$(inherited)";
				PRODUCT_NAME = FwiOpenGLESTests;
			};
			name = Debug;
		};
		OBJ_26 /* Release */ = {
			isa = XCBuildConfiguration;
			baseConfigurationReference = BE7CA3571F19D35A008AC9C2 /* test-release.xcconfig */;
			buildSettings = {
				ALWAYS_EMBED_SWIFT_STANDARD_LIBRARIES = YES;
				OTHER_LDFLAGS = "$(inherited)";
				PRODUCT_NAME = FwiOpenGLESTests;
			};
			name = Release;
		};
		OBJ_3 /* Debug */ = {
			isa = XCBuildConfiguration;
			baseConfigurationReference = BE7CA3541F19D35A008AC9C2 /* project-debug.xcconfig */;
			buildSettings = {
			};
			name = Debug;
		};
		OBJ_4 /* Release */ = {
			isa = XCBuildConfiguration;
			baseConfigurationReference = BE7CA3551F19D35A008AC9C2 /* project-release.xcconfig */;
			buildSettings = {
			};
			name = Release;
		};
/* End XCBuildConfiguration section */

/* Begin XCConfigurationList section */
		OBJ_17 /* Build configuration list for PBXNativeTarget "FwiOpenGLES" */ = {
			isa = XCConfigurationList;
			buildConfigurations = (
				OBJ_18 /* Debug */,
				OBJ_19 /* Release */,
			);
			defaultConfigurationIsVisible = 0;
			defaultConfigurationName = Debug;
		};
		OBJ_2 /* Build configuration list for PBXProject "FwiOpenGLES" */ = {
			isa = XCConfigurationList;
			buildConfigurations = (
				OBJ_3 /* Debug */,
				OBJ_4 /* Release */,
			);
			defaultConfigurationIsVisible = 0;
			defaultConfigurationName = Debug;
		};
		OBJ_24 /* Build configuration list for PBXNativeTarget "FwiOpenGLESTests" */ = {
			isa = XCConfigurationList;
			buildConfigurations = (
				OBJ_25 /* Debug */,
				OBJ_26 /* Release */,
			);
			defaultConfigurationIsVisible = 0;
			defaultConfigurationName = Debug;
		};
/* End XCConfigurationList section */
	};
	rootObject = OBJ_1 /* Project object */;
}
